// !$*UTF8*$!
{
	archiveVersion = 1;
	classes = {
	};
	objectVersion = 46;
	objects = {

/* Begin PBXBuildFile section */
		230370AC1B97BDB1003A5E46 /* AppDelegate.swift in Sources */ = {isa = PBXBuildFile; fileRef = 230370AB1B97BDB1003A5E46 /* AppDelegate.swift */; };
		230370AE1B97BDB1003A5E46 /* ViewController.swift in Sources */ = {isa = PBXBuildFile; fileRef = 230370AD1B97BDB1003A5E46 /* ViewController.swift */; };
		230370B11B97BDB1003A5E46 /* Main.storyboard in Resources */ = {isa = PBXBuildFile; fileRef = 230370AF1B97BDB1003A5E46 /* Main.storyboard */; };
		230370B31B97BDB1003A5E46 /* Images.xcassets in Resources */ = {isa = PBXBuildFile; fileRef = 230370B21B97BDB1003A5E46 /* Images.xcassets */; };
		230370B61B97BDB1003A5E46 /* LaunchScreen.xib in Resources */ = {isa = PBXBuildFile; fileRef = 230370B41B97BDB1003A5E46 /* LaunchScreen.xib */; };
		230370C21B97BDB1003A5E46 /* NotifyTests.swift in Sources */ = {isa = PBXBuildFile; fileRef = 230370C11B97BDB1003A5E46 /* NotifyTests.swift */; };
		230370CC1B97C5D4003A5E46 /* CoreLocation.framework in Frameworks */ = {isa = PBXBuildFile; fileRef = 230370CB1B97C5D4003A5E46 /* CoreLocation.framework */; };
		230370CE1B97C5E4003A5E46 /* MapKit.framework in Frameworks */ = {isa = PBXBuildFile; fileRef = 230370CD1B97C5E4003A5E46 /* MapKit.framework */; };
/* End PBXBuildFile section */

/* Begin PBXContainerItemProxy section */
		230370BC1B97BDB1003A5E46 /* PBXContainerItemProxy */ = {
			isa = PBXContainerItemProxy;
			containerPortal = 2303709E1B97BDB1003A5E46 /* Project object */;
			proxyType = 1;
			remoteGlobalIDString = 230370A51B97BDB1003A5E46;
			remoteInfo = Notify;
		};
/* End PBXContainerItemProxy section */

/* Begin PBXFileReference section */
		230370A61B97BDB1003A5E46 /* Notify.app */ = {isa = PBXFileReference; explicitFileType = wrapper.application; includeInIndex = 0; path = Notify.app; sourceTree = BUILT_PRODUCTS_DIR; };
		230370AA1B97BDB1003A5E46 /* Info.plist */ = {isa = PBXFileReference; lastKnownFileType = text.plist.xml; path = Info.plist; sourceTree = "<group>"; };
		230370AB1B97BDB1003A5E46 /* AppDelegate.swift */ = {isa = PBXFileReference; lastKnownFileType = sourcecode.swift; path = AppDelegate.swift; sourceTree = "<group>"; };
		230370AD1B97BDB1003A5E46 /* ViewController.swift */ = {isa = PBXFileReference; lastKnownFileType = sourcecode.swift; path = ViewController.swift; sourceTree = "<group>"; };
		230370B01B97BDB1003A5E46 /* Base */ = {isa = PBXFileReference; lastKnownFileType = file.storyboard; name = Base; path = Base.lproj/Main.storyboard; sourceTree = "<group>"; };
		230370B21B97BDB1003A5E46 /* Images.xcassets */ = {isa = PBXFileReference; lastKnownFileType = folder.assetcatalog; path = Images.xcassets; sourceTree = "<group>"; };
		230370B51B97BDB1003A5E46 /* Base */ = {isa = PBXFileReference; lastKnownFileType = file.xib; name = Base; path = Base.lproj/LaunchScreen.xib; sourceTree = "<group>"; };
		230370BB1B97BDB1003A5E46 /* NotifyTests.xctest */ = {isa = PBXFileReference; explicitFileType = wrapper.cfbundle; includeInIndex = 0; path = NotifyTests.xctest; sourceTree = BUILT_PRODUCTS_DIR; };
		230370C01B97BDB1003A5E46 /* Info.plist */ = {isa = PBXFileReference; lastKnownFileType = text.plist.xml; path = Info.plist; sourceTree = "<group>"; };
		230370C11B97BDB1003A5E46 /* NotifyTests.swift */ = {isa = PBXFileReference; lastKnownFileType = sourcecode.swift; path = NotifyTests.swift; sourceTree = "<group>"; };
		230370CB1B97C5D4003A5E46 /* CoreLocation.framework */ = {isa = PBXFileReference; lastKnownFileType = wrapper.framework; name = CoreLocation.framework; path = System/Library/Frameworks/CoreLocation.framework; sourceTree = SDKROOT; };
		230370CD1B97C5E4003A5E46 /* MapKit.framework */ = {isa = PBXFileReference; lastKnownFileType = wrapper.framework; name = MapKit.framework; path = System/Library/Frameworks/MapKit.framework; sourceTree = SDKROOT; };
/* End PBXFileReference section */

/* Begin PBXFrameworksBuildPhase section */
		230370A31B97BDB1003A5E46 /* Frameworks */ = {
			isa = PBXFrameworksBuildPhase;
			buildActionMask = 2147483647;
			files = (
				230370CE1B97C5E4003A5E46 /* MapKit.framework in Frameworks */,
				230370CC1B97C5D4003A5E46 /* CoreLocation.framework in Frameworks */,
			);
			runOnlyForDeploymentPostprocessing = 0;
		};
		230370B81B97BDB1003A5E46 /* Frameworks */ = {
			isa = PBXFrameworksBuildPhase;
			buildActionMask = 2147483647;
			files = (
			);
			runOnlyForDeploymentPostprocessing = 0;
		};
/* End PBXFrameworksBuildPhase section */

/* Begin PBXGroup section */
		2303709D1B97BDB1003A5E46 = {
			isa = PBXGroup;
			children = (
				230370CD1B97C5E4003A5E46 /* MapKit.framework */,
				230370CB1B97C5D4003A5E46 /* CoreLocation.framework */,
				230370A81B97BDB1003A5E46 /* Vinh */,
				230370BE1B97BDB1003A5E46 /* NotifyTests */,
				230370A71B97BDB1003A5E46 /* Products */,
			);
			sourceTree = "<group>";
		};
		230370A71B97BDB1003A5E46 /* Products */ = {
			isa = PBXGroup;
			children = (
				230370A61B97BDB1003A5E46 /* Notify.app */,
				230370BB1B97BDB1003A5E46 /* NotifyTests.xctest */,
			);
			name = Products;
			sourceTree = "<group>";
		};
		230370A81B97BDB1003A5E46 /* Vinh */ = {
			isa = PBXGroup;
			children = (
				230370AB1B97BDB1003A5E46 /* AppDelegate.swift */,
				230370AD1B97BDB1003A5E46 /* ViewController.swift */,
				230370AF1B97BDB1003A5E46 /* Main.storyboard */,
				230370B21B97BDB1003A5E46 /* Images.xcassets */,
				230370B41B97BDB1003A5E46 /* LaunchScreen.xib */,
				230370A91B97BDB1003A5E46 /* Supporting Files */,
			);
			name = Vinh;
			path = Notify;
			sourceTree = "<group>";
		};
		230370A91B97BDB1003A5E46 /* Supporting Files */ = {
			isa = PBXGroup;
			children = (
				230370AA1B97BDB1003A5E46 /* Info.plist */,
			);
			name = "Supporting Files";
			sourceTree = "<group>";
		};
		230370BE1B97BDB1003A5E46 /* NotifyTests */ = {
			isa = PBXGroup;
			children = (
				230370C11B97BDB1003A5E46 /* NotifyTests.swift */,
				230370BF1B97BDB1003A5E46 /* Supporting Files */,
			);
			path = NotifyTests;
			sourceTree = "<group>";
		};
		230370BF1B97BDB1003A5E46 /* Supporting Files */ = {
			isa = PBXGroup;
			children = (
				230370C01B97BDB1003A5E46 /* Info.plist */,
			);
			name = "Supporting Files";
			sourceTree = "<group>";
		};
/* End PBXGroup section */

/* Begin PBXNativeTarget section */
		230370A51B97BDB1003A5E46 /* Notify */ = {
			isa = PBXNativeTarget;
			buildConfigurationList = 230370C51B97BDB1003A5E46 /* Build configuration list for PBXNativeTarget "Notify" */;
			buildPhases = (
				230370A21B97BDB1003A5E46 /* Sources */,
				230370A31B97BDB1003A5E46 /* Frameworks */,
				230370A41B97BDB1003A5E46 /* Resources */,
			);
			buildRules = (
			);
			dependencies = (
			);
			name = Notify;
			productName = Notify;
			productReference = 230370A61B97BDB1003A5E46 /* Notify.app */;
			productType = "com.apple.product-type.application";
		};
		230370BA1B97BDB1003A5E46 /* NotifyTests */ = {
			isa = PBXNativeTarget;
			buildConfigurationList = 230370C81B97BDB1003A5E46 /* Build configuration list for PBXNativeTarget "NotifyTests" */;
			buildPhases = (
				230370B71B97BDB1003A5E46 /* Sources */,
				230370B81B97BDB1003A5E46 /* Frameworks */,
				230370B91B97BDB1003A5E46 /* Resources */,
			);
			buildRules = (
			);
			dependencies = (
				230370BD1B97BDB1003A5E46 /* PBXTargetDependency */,
			);
			name = NotifyTests;
			productName = NotifyTests;
			productReference = 230370BB1B97BDB1003A5E46 /* NotifyTests.xctest */;
			productType = "com.apple.product-type.bundle.unit-test";
		};
/* End PBXNativeTarget section */

/* Begin PBXProject section */
		2303709E1B97BDB1003A5E46 /* Project object */ = {
			isa = PBXProject;
			attributes = {
				LastUpgradeCheck = 0640;
				ORGANIZATIONNAME = bhag;
				TargetAttributes = {
					230370A51B97BDB1003A5E46 = {
						CreatedOnToolsVersion = 6.4;
					};
					230370BA1B97BDB1003A5E46 = {
						CreatedOnToolsVersion = 6.4;
						TestTargetID = 230370A51B97BDB1003A5E46;
					};
				};
			};
			buildConfigurationList = 230370A11B97BDB1003A5E46 /* Build configuration list for PBXProject "Notify" */;
			compatibilityVersion = "Xcode 3.2";
			developmentRegion = English;
			hasScannedForEncodings = 0;
			knownRegions = (
				en,
				Base,
			);
			mainGroup = 2303709D1B97BDB1003A5E46;
			productRefGroup = 230370A71B97BDB1003A5E46 /* Products */;
			projectDirPath = "";
			projectRoot = "";
			targets = (
				230370A51B97BDB1003A5E46 /* Notify */,
				230370BA1B97BDB1003A5E46 /* NotifyTests */,
			);
		};
/* End PBXProject section */

/* Begin PBXResourcesBuildPhase section */
		230370A41B97BDB1003A5E46 /* Resources */ = {
			isa = PBXResourcesBuildPhase;
			buildActionMask = 2147483647;
			files = (
				230370B11B97BDB1003A5E46 /* Main.storyboard in Resources */,
				230370B61B97BDB1003A5E46 /* LaunchScreen.xib in Resources */,
				230370B31B97BDB1003A5E46 /* Images.xcassets in Resources */,
			);
			runOnlyForDeploymentPostprocessing = 0;
		};
		230370B91B97BDB1003A5E46 /* Resources */ = {
			isa = PBXResourcesBuildPhase;
			buildActionMask = 2147483647;
			files = (
			);
			runOnlyForDeploymentPostprocessing = 0;
		};
/* End PBXResourcesBuildPhase section */

/* Begin PBXSourcesBuildPhase section */
		230370A21B97BDB1003A5E46 /* Sources */ = {
			isa = PBXSourcesBuildPhase;
			buildActionMask = 2147483647;
			files = (
				230370AE1B97BDB1003A5E46 /* ViewController.swift in Sources */,
				230370AC1B97BDB1003A5E46 /* AppDelegate.swift in Sources */,
			);
			runOnlyForDeploymentPostprocessing = 0;
		};
		230370B71B97BDB1003A5E46 /* Sources */ = {
			isa = PBXSourcesBuildPhase;
			buildActionMask = 2147483647;
			files = (
				230370C21B97BDB1003A5E46 /* NotifyTests.swift in Sources */,
			);
			runOnlyForDeploymentPostprocessing = 0;
		};
/* End PBXSourcesBuildPhase section */

/* Begin PBXTargetDependency section */
		230370BD1B97BDB1003A5E46 /* PBXTargetDependency */ = {
			isa = PBXTargetDependency;
			target = 230370A51B97BDB1003A5E46 /* Notify */;
			targetProxy = 230370BC1B97BDB1003A5E46 /* PBXContainerItemProxy */;
		};
/* End PBXTargetDependency section */

/* Begin PBXVariantGroup section */
		230370AF1B97BDB1003A5E46 /* Main.storyboard */ = {
			isa = PBXVariantGroup;
			children = (
				230370B01B97BDB1003A5E46 /* Base */,
			);
			name = Main.storyboard;
			sourceTree = "<group>";
		};
		230370B41B97BDB1003A5E46 /* LaunchScreen.xib */ = {
			isa = PBXVariantGroup;
			children = (
				230370B51B97BDB1003A5E46 /* Base */,
			);
			name = LaunchScreen.xib;
			sourceTree = "<group>";
		};
/* End PBXVariantGroup section */

/* Begin XCBuildConfiguration section */
		230370C31B97BDB1003A5E46 /* Debug */ = {
			isa = XCBuildConfiguration;
			buildSettings = {
				ALWAYS_SEARCH_USER_PATHS = NO;
				CLANG_CXX_LANGUAGE_STANDARD = "gnu++0x";
				CLANG_CXX_LIBRARY = "libc++";
				CLANG_ENABLE_MODULES = YES;
				CLANG_ENABLE_OBJC_ARC = YES;
				CLANG_WARN_BOOL_CONVERSION = YES;
				CLANG_WARN_CONSTANT_CONVERSION = YES;
				CLANG_WARN_DIRECT_OBJC_ISA_USAGE = YES_ERROR;
				CLANG_WARN_EMPTY_BODY = YES;
				CLANG_WARN_ENUM_CONVERSION = YES;
				CLANG_WARN_INT_CONVERSION = YES;
				CLANG_WARN_OBJC_ROOT_CLASS = YES_ERROR;
				CLANG_WARN_UNREACHABLE_CODE = YES;
				CLANG_WARN__DUPLICATE_METHOD_MATCH = YES;
				"CODE_SIGN_IDENTITY[sdk=iphoneos*]" = "iPhone Developer";
				COPY_PHASE_STRIP = NO;
				DEBUG_INFORMATION_FORMAT = "dwarf-with-dsym";
				ENABLE_STRICT_OBJC_MSGSEND = YES;
				GCC_C_LANGUAGE_STANDARD = gnu99;
				GCC_DYNAMIC_NO_PIC = NO;
				GCC_NO_COMMON_BLOCKS = YES;
				GCC_OPTIMIZATION_LEVEL = 0;
				GCC_PREPROCESSOR_DEFINITIONS = (
					"DEBUG=1",
					"$(inherited)",
				);
				GCC_SYMBOLS_PRIVATE_EXTERN = NO;
				GCC_WARN_64_TO_32_BIT_CONVERSION = YES;
				GCC_WARN_ABOUT_RETURN_TYPE = YES_ERROR;
				GCC_WARN_UNDECLARED_SELECTOR = YES;
				GCC_WARN_UNINITIALIZED_AUTOS = YES_AGGRESSIVE;
				GCC_WARN_UNUSED_FUNCTION = YES;
				GCC_WARN_UNUSED_VARIABLE = YES;
				IPHONEOS_DEPLOYMENT_TARGET = 8.4;
				MTL_ENABLE_DEBUG_INFO = YES;
				ONLY_ACTIVE_ARCH = YES;
				SDKROOT = iphoneos;
				SWIFT_OPTIMIZATION_LEVEL = "-Onone";
			};
			name = Debug;
		};
		230370C41B97BDB1003A5E46 /* Release */ = {
			isa = XCBuildConfiguration;
			buildSettings = {
				ALWAYS_SEARCH_USER_PATHS = NO;
				CLANG_CXX_LANGUAGE_STANDARD = "gnu++0x";
				CLANG_CXX_LIBRARY = "libc++";
				CLANG_ENABLE_MODULES = YES;
				CLANG_ENABLE_OBJC_ARC = YES;
				CLANG_WARN_BOOL_CONVERSION = YES;
				CLANG_WARN_CONSTANT_CONVERSION = YES;
				CLANG_WARN_DIRECT_OBJC_ISA_USAGE = YES_ERROR;
				CLANG_WARN_EMPTY_BODY = YES;
				CLANG_WARN_ENUM_CONVERSION = YES;
				CLANG_WARN_INT_CONVERSION = YES;
				CLANG_WARN_OBJC_ROOT_CLASS = YES_ERROR;
				CLANG_WARN_UNREACHABLE_CODE = YES;
				CLANG_WARN__DUPLICATE_METHOD_MATCH = YES;
				"CODE_SIGN_IDENTITY[sdk=iphoneos*]" = "iPhone Developer";
				COPY_PHASE_STRIP = NO;
				DEBUG_INFORMATION_FORMAT = "dwarf-with-dsym";
				ENABLE_NS_ASSERTIONS = NO;
				ENABLE_STRICT_OBJC_MSGSEND = YES;
				GCC_C_LANGUAGE_STANDARD = gnu99;
				GCC_NO_COMMON_BLOCKS = YES;
				GCC_WARN_64_TO_32_BIT_CONVERSION = YES;
				GCC_WARN_ABOUT_RETURN_TYPE = YES_ERROR;
				GCC_WARN_UNDECLARED_SELECTOR = YES;
				GCC_WARN_UNINITIALIZED_AUTOS = YES_AGGRESSIVE;
				GCC_WARN_UNUSED_FUNCTION = YES;
				GCC_WARN_UNUSED_VARIABLE = YES;
				IPHONEOS_DEPLOYMENT_TARGET = 8.4;
				MTL_ENABLE_DEBUG_INFO = NO;
				SDKROOT = iphoneos;
				VALIDATE_PRODUCT = YES;
			};
			name = Release;
		};
		230370C61B97BDB1003A5E46 /* Debug */ = {
			isa = XCBuildConfiguration;
			buildSettings = {
				ASSETCATALOG_COMPILER_APPICON_NAME = AppIcon;
				INFOPLIST_FILE = Notify/Info.plist;
				LD_RUNPATH_SEARCH_PATHS = "$(inherited) @executable_path/Frameworks";
				PRODUCT_NAME = "$(TARGET_NAME)";
			};
			name = Debug;
		};
		230370C71B97BDB1003A5E46 /* Release */ = {
			isa = XCBuildConfiguration;
			buildSettings = {
				ASSETCATALOG_COMPILER_APPICON_NAME = AppIcon;
				INFOPLIST_FILE = Notify/Info.plist;
				LD_RUNPATH_SEARCH_PATHS = "$(inherited) @executable_path/Frameworks";
				PRODUCT_NAME = "$(TARGET_NAME)";
			};
			name = Release;
		};
		230370C91B97BDB1003A5E46 /* Debug */ = {
			isa = XCBuildConfiguration;
			buildSettings = {
				BUNDLE_LOADER = "$(TEST_HOST)";
				FRAMEWORK_SEARCH_PATHS = (
					"$(SDKROOT)/Developer/Library/Frameworks",
					"$(inherited)",
				);
				GCC_PREPROCESSOR_DEFINITIONS = (
					"DEBUG=1",
					"$(inherited)",
				);
				INFOPLIST_FILE = NotifyTests/Info.plist;
				LD_RUNPATH_SEARCH_PATHS = "$(inherited) @executable_path/Frameworks @loader_path/Frameworks";
				PRODUCT_NAME = "$(TARGET_NAME)";
				TEST_HOST = "$(BUILT_PRODUCTS_DIR)/Notify.app/Notify";
			};
			name = Debug;
		};
		230370CA1B97BDB1003A5E46 /* Release */ = {
			isa = XCBuildConfiguration;
			buildSettings = {
				BUNDLE_LOADER = "$(TEST_HOST)";
				FRAMEWORK_SEARCH_PATHS = (
					"$(SDKROOT)/Developer/Library/Frameworks",
					"$(inherited)",
				);
				INFOPLIST_FILE = NotifyTests/Info.plist;
				LD_RUNPATH_SEARCH_PATHS = "$(inherited) @executable_path/Frameworks @loader_path/Frameworks";
				PRODUCT_NAME = "$(TARGET_NAME)";
				TEST_HOST = "$(BUILT_PRODUCTS_DIR)/Notify.app/Notify";
			};
			name = Release;
		};
/* End XCBuildConfiguration section */

/* Begin XCConfigurationList section */
		230370A11B97BDB1003A5E46 /* Build configuration list for PBXProject "Notify" */ = {
			isa = XCConfigurationList;
			buildConfigurations = (
				230370C31B97BDB1003A5E46 /* Debug */,
				230370C41B97BDB1003A5E46 /* Release */,
			);
			defaultConfigurationIsVisible = 0;
			defaultConfigurationName = Release;
		};
		230370C51B97BDB1003A5E46 /* Build configuration list for PBXNativeTarget "Notify" */ = {
			isa = XCConfigurationList;
			buildConfigurations = (
				230370C61B97BDB1003A5E46 /* Debug */,
				230370C71B97BDB1003A5E46 /* Release */,
			);
			defaultConfigurationIsVisible = 0;
			defaultConfigurationName = Release;
		};
		230370C81B97BDB1003A5E46 /* Build configuration list for PBXNativeTarget "NotifyTests" */ = {
			isa = XCConfigurationList;
			buildConfigurations = (
				230370C91B97BDB1003A5E46 /* Debug */,
				230370CA1B97BDB1003A5E46 /* Release */,
			);
			defaultConfigurationIsVisible = 0;
			defaultConfigurationName = Release;
		};
/* End XCConfigurationList section */
	};
	rootObject = 2303709E1B97BDB1003A5E46 /* Project object */;
}
